
Microsoft Visual Studio Solution File, Format Version 12.00
# Visual Studio Version 16
VisualStudioVersion = 16.0.29025.244
MinimumVisualStudioVersion = 10.0.40219.1
Project("{FAE04EC0-301F-11D3-BF4B-00C04F79EFBC}") = "SAM", "SAM\SAM.csproj", "{5F28FA40-B608-46CC-995E-91295AAF9600}"
EndProject
Global
	GlobalSection(SolutionConfigurationPlatforms) = preSolution
		Debug|Any CPU = Debug|Any CPU
		Release|Any CPU = Release|Any CPU
	EndGlobalSection
	GlobalSection(ProjectConfigurationPlatforms) = postSolution
		{5F28FA40-B608-46CC-995E-91295AAF9600}.Debug|Any CPU.ActiveCfg = Debug|Any CPU
		{5F28FA40-B608-46CC-995E-91295AAF9600}.Debug|Any CPU.Build.0 = Debug|Any CPU
		{5F28FA40-B608-46CC-995E-91295AAF9600}.Debug|Any CPU.Deploy.0 = Debug|Any CPU
		{5F28FA40-B608-46CC-995E-91295AAF9600}.Release|Any CPU.ActiveCfg = Release|Any CPU
		{5F28FA40-B608-46CC-995E-91295AAF9600}.Release|Any CPU.Build.0 = Release|Any CPU
	EndGlobalSection
	GlobalSection(SolutionProperties) = preSolution
		HideSolutionNode = FALSE
	EndGlobalSection
	GlobalSection(ExtensibilityGlobals) = postSolution
		SolutionGuid = {41D7FDA5-7E9E-4A3F-B3B0-AC9083026ED9}
	EndGlobalSection
EndGlobal
